
Microsoft Visual Studio Solution File, Format Version 12.00
# Visual Studio 2015
Project("{FAE04EC0-301F-11D3-BF4B-00C04F79EFBC}") = "aaa", "aaa.csproj", "{D443C812-C2D6-D811-A1A5-7F02BD42897D}"
EndProject
Global
	GlobalSection(SolutionConfigurationPlatforms) = preSolution
		Debug|Any CPU = Debug|Any CPU
		Release|Any CPU = Release|Any CPU
	EndGlobalSection
	GlobalSection(ProjectConfigurationPlatforms) = postSolution
		{D443C812-C2D6-D811-A1A5-7F02BD42897D}.Debug|Any CPU.ActiveCfg = Debug|Any CPU
		{D443C812-C2D6-D811-A1A5-7F02BD42897D}.Debug|Any CPU.Build.0 = Debug|Any CPU
		{D443C812-C2D6-D811-A1A5-7F02BD42897D}.Release|Any CPU.ActiveCfg = Release|Any CPU
		{D443C812-C2D6-D811-A1A5-7F02BD42897D}.Release|Any CPU.Build.0 = Release|Any CPU
	EndGlobalSection
	GlobalSection(SolutionProperties) = preSolution
		HideSolutionNode = FALSE
	EndGlobalSection
EndGlobal
